uuid: 4981257a-1b0a-4272-9da3-579057493b6b
langcode: en
status: true
dependencies:
  module:
    - node
_core:
  default_config_hash: UdjH6hkF_ULebrS2s8OQBfXT0aUTYMqJEgjC4NvbM74
id: node.field_hide_subnav_block
field_name: field_hide_subnav_block
entity_type: node
type: boolean
settings: {  }
module: core
locked: false
cardinality: 1
translatable: true
indexes: {  }
persist_with_no_fields: false
custom_storage: false
